// !$*UTF8*$!
{
	archiveVersion = 1;
	classes = {
	};
	objectVersion = 46;
	objects = {

/* Begin PBXBuildFile section */
		0482E2FB19F1ABF4003B5378 /* IMG.xcassets in Resources */ = {isa = PBXBuildFile; fileRef = 0482E2FA19F1ABF4003B5378 /* IMG.xcassets */; };
		0482E2FF19F55E72003B5378 /* DictationManager.swift in Sources */ = {isa = PBXBuildFile; fileRef = 0482E2FE19F55E72003B5378 /* DictationManager.swift */; };
		04B36FA619EF0A3C00ADB773 /* AppDelegate.swift in Sources */ = {isa = PBXBuildFile; fileRef = 04B36FA519EF0A3C00ADB773 /* AppDelegate.swift */; };
		04B36FA819EF0A3C00ADB773 /* ViewController.swift in Sources */ = {isa = PBXBuildFile; fileRef = 04B36FA719EF0A3C00ADB773 /* ViewController.swift */; };
		04B36FAB19EF0A3C00ADB773 /* Main.storyboard in Resources */ = {isa = PBXBuildFile; fileRef = 04B36FA919EF0A3C00ADB773 /* Main.storyboard */; };
		04B36FAD19EF0A3C00ADB773 /* Images.xcassets in Resources */ = {isa = PBXBuildFile; fileRef = 04B36FAC19EF0A3C00ADB773 /* Images.xcassets */; };
		04B36FB019EF0A3C00ADB773 /* LaunchScreen.xib in Resources */ = {isa = PBXBuildFile; fileRef = 04B36FAE19EF0A3C00ADB773 /* LaunchScreen.xib */; };
		04B36FBC19EF0A3C00ADB773 /* SafeDrive_KeyboardTests.swift in Sources */ = {isa = PBXBuildFile; fileRef = 04B36FBB19EF0A3C00ADB773 /* SafeDrive_KeyboardTests.swift */; };
		04B36FCE19EF0ABA00ADB773 /* KeyboardViewController.swift in Sources */ = {isa = PBXBuildFile; fileRef = 04B36FCD19EF0ABA00ADB773 /* KeyboardViewController.swift */; };
		04B36FD119EF0ABA00ADB773 /* SafeD.appex in Embed App Extensions */ = {isa = PBXBuildFile; fileRef = 04B36FC919EF0ABA00ADB773 /* SafeD.appex */; settings = {ATTRIBUTES = (RemoveHeadersOnCopy, ); }; };
		04DE7A1C19FE7C230087FB4E /* AVFoundation.framework in Frameworks */ = {isa = PBXBuildFile; fileRef = 04DE7A1B19FE7C230087FB4E /* AVFoundation.framework */; };
		04DE7A1E19FE7C2A0087FB4E /* MobileCoreServices.framework in Frameworks */ = {isa = PBXBuildFile; fileRef = 04DE7A1D19FE7C2A0087FB4E /* MobileCoreServices.framework */; };
		04DE7A2019FE7C330087FB4E /* SystemConfiguration.framework in Frameworks */ = {isa = PBXBuildFile; fileRef = 04DE7A1F19FE7C330087FB4E /* SystemConfiguration.framework */; };
		04DE7A2719FE7CEA0087FB4E /* Wit.framework in Frameworks */ = {isa = PBXBuildFile; fileRef = 04DE7A2619FE7CEA0087FB4E /* Wit.framework */; };
/* End PBXBuildFile section */

/* Begin PBXContainerItemProxy section */
		04B36FB619EF0A3C00ADB773 /* PBXContainerItemProxy */ = {
			isa = PBXContainerItemProxy;
			containerPortal = 04B36F9819EF0A3C00ADB773 /* Project object */;
			proxyType = 1;
			remoteGlobalIDString = 04B36F9F19EF0A3C00ADB773;
			remoteInfo = "SafeDrive-Keyboard";
		};
		04B36FCF19EF0ABA00ADB773 /* PBXContainerItemProxy */ = {
			isa = PBXContainerItemProxy;
			containerPortal = 04B36F9819EF0A3C00ADB773 /* Project object */;
			proxyType = 1;
			remoteGlobalIDString = 04B36FC819EF0ABA00ADB773;
			remoteInfo = SafeD;
		};
		04B36FD219EF0ABA00ADB773 /* PBXContainerItemProxy */ = {
			isa = PBXContainerItemProxy;
			containerPortal = 04B36F9819EF0A3C00ADB773 /* Project object */;
			proxyType = 1;
			remoteGlobalIDString = 04B36FC819EF0ABA00ADB773;
			remoteInfo = SafeD;
		};
/* End PBXContainerItemProxy section */

/* Begin PBXCopyFilesBuildPhase section */
		04B36FD719EF0ABA00ADB773 /* Embed App Extensions */ = {
			isa = PBXCopyFilesBuildPhase;
			buildActionMask = 2147483647;
			dstPath = "";
			dstSubfolderSpec = 13;
			files = (
				04B36FD119EF0ABA00ADB773 /* SafeD.appex in Embed App Extensions */,
			);
			name = "Embed App Extensions";
			runOnlyForDeploymentPostprocessing = 0;
		};
/* End PBXCopyFilesBuildPhase section */

/* Begin PBXFileReference section */
		043E709F19F9853A0052B55E /* SafeD-Bridging-Header.h */ = {isa = PBXFileReference; lastKnownFileType = sourcecode.c.h; path = "SafeD-Bridging-Header.h"; sourceTree = "<group>"; };
		0482E2FA19F1ABF4003B5378 /* IMG.xcassets */ = {isa = PBXFileReference; lastKnownFileType = folder.assetcatalog; path = IMG.xcassets; sourceTree = "<group>"; };
		0482E2FE19F55E72003B5378 /* DictationManager.swift */ = {isa = PBXFileReference; fileEncoding = 4; lastKnownFileType = sourcecode.swift; path = DictationManager.swift; sourceTree = "<group>"; };
		04B36FA019EF0A3C00ADB773 /* SafeDrive-Keyboard.app */ = {isa = PBXFileReference; explicitFileType = wrapper.application; includeInIndex = 0; path = "SafeDrive-Keyboard.app"; sourceTree = BUILT_PRODUCTS_DIR; };
		04B36FA419EF0A3C00ADB773 /* Info.plist */ = {isa = PBXFileReference; lastKnownFileType = text.plist.xml; path = Info.plist; sourceTree = "<group>"; };
		04B36FA519EF0A3C00ADB773 /* AppDelegate.swift */ = {isa = PBXFileReference; lastKnownFileType = sourcecode.swift; path = AppDelegate.swift; sourceTree = "<group>"; };
		04B36FA719EF0A3C00ADB773 /* ViewController.swift */ = {isa = PBXFileReference; lastKnownFileType = sourcecode.swift; path = ViewController.swift; sourceTree = "<group>"; };
		04B36FAA19EF0A3C00ADB773 /* Base */ = {isa = PBXFileReference; lastKnownFileType = file.storyboard; name = Base; path = Base.lproj/Main.storyboard; sourceTree = "<group>"; };
		04B36FAC19EF0A3C00ADB773 /* Images.xcassets */ = {isa = PBXFileReference; lastKnownFileType = folder.assetcatalog; path = Images.xcassets; sourceTree = "<group>"; };
		04B36FAF19EF0A3C00ADB773 /* Base */ = {isa = PBXFileReference; lastKnownFileType = file.xib; name = Base; path = Base.lproj/LaunchScreen.xib; sourceTree = "<group>"; };
		04B36FB519EF0A3C00ADB773 /* SafeDrive-KeyboardTests.xctest */ = {isa = PBXFileReference; explicitFileType = wrapper.cfbundle; includeInIndex = 0; path = "SafeDrive-KeyboardTests.xctest"; sourceTree = BUILT_PRODUCTS_DIR; };
		04B36FBA19EF0A3C00ADB773 /* Info.plist */ = {isa = PBXFileReference; lastKnownFileType = text.plist.xml; path = Info.plist; sourceTree = "<group>"; };
		04B36FBB19EF0A3C00ADB773 /* SafeDrive_KeyboardTests.swift */ = {isa = PBXFileReference; lastKnownFileType = sourcecode.swift; path = SafeDrive_KeyboardTests.swift; sourceTree = "<group>"; };
		04B36FC919EF0ABA00ADB773 /* SafeD.appex */ = {isa = PBXFileReference; explicitFileType = "wrapper.app-extension"; includeInIndex = 0; path = SafeD.appex; sourceTree = BUILT_PRODUCTS_DIR; };
		04B36FCC19EF0ABA00ADB773 /* Info.plist */ = {isa = PBXFileReference; lastKnownFileType = text.plist.xml; path = Info.plist; sourceTree = "<group>"; };
		04B36FCD19EF0ABA00ADB773 /* KeyboardViewController.swift */ = {isa = PBXFileReference; lastKnownFileType = sourcecode.swift; path = KeyboardViewController.swift; sourceTree = "<group>"; };
		04DE7A1B19FE7C230087FB4E /* AVFoundation.framework */ = {isa = PBXFileReference; lastKnownFileType = wrapper.framework; name = AVFoundation.framework; path = System/Library/Frameworks/AVFoundation.framework; sourceTree = SDKROOT; };
		04DE7A1D19FE7C2A0087FB4E /* MobileCoreServices.framework */ = {isa = PBXFileReference; lastKnownFileType = wrapper.framework; name = MobileCoreServices.framework; path = System/Library/Frameworks/MobileCoreServices.framework; sourceTree = SDKROOT; };
		04DE7A1F19FE7C330087FB4E /* SystemConfiguration.framework */ = {isa = PBXFileReference; lastKnownFileType = wrapper.framework; name = SystemConfiguration.framework; path = System/Library/Frameworks/SystemConfiguration.framework; sourceTree = SDKROOT; };
		04DE7A2619FE7CEA0087FB4E /* Wit.framework */ = {isa = PBXFileReference; lastKnownFileType = wrapper.framework; path = Wit.framework; sourceTree = "<group>"; };
/* End PBXFileReference section */

/* Begin PBXFrameworksBuildPhase section */
		04B36F9D19EF0A3C00ADB773 /* Frameworks */ = {
			isa = PBXFrameworksBuildPhase;
			buildActionMask = 2147483647;
			files = (
			);
			runOnlyForDeploymentPostprocessing = 0;
		};
		04B36FB219EF0A3C00ADB773 /* Frameworks */ = {
			isa = PBXFrameworksBuildPhase;
			buildActionMask = 2147483647;
			files = (
			);
			runOnlyForDeploymentPostprocessing = 0;
		};
		04B36FC619EF0ABA00ADB773 /* Frameworks */ = {
			isa = PBXFrameworksBuildPhase;
			buildActionMask = 2147483647;
			files = (
				04DE7A2719FE7CEA0087FB4E /* Wit.framework in Frameworks */,
				04DE7A2019FE7C330087FB4E /* SystemConfiguration.framework in Frameworks */,
				04DE7A1E19FE7C2A0087FB4E /* MobileCoreServices.framework in Frameworks */,
				04DE7A1C19FE7C230087FB4E /* AVFoundation.framework in Frameworks */,
			);
			runOnlyForDeploymentPostprocessing = 0;
		};
/* End PBXFrameworksBuildPhase section */

/* Begin PBXGroup section */
		04B36F9719EF0A3C00ADB773 = {
			isa = PBXGroup;
			children = (
				04B36FA219EF0A3C00ADB773 /* SafeDrive-Keyboard */,
				04B36FB819EF0A3C00ADB773 /* SafeDrive-KeyboardTests */,
				04B36FCA19EF0ABA00ADB773 /* SafeD */,
				04B36FA119EF0A3C00ADB773 /* Products */,
				04DE7A2319FE7C530087FB4E /* framework */,
			);
			sourceTree = "<group>";
		};
		04B36FA119EF0A3C00ADB773 /* Products */ = {
			isa = PBXGroup;
			children = (
				04B36FA019EF0A3C00ADB773 /* SafeDrive-Keyboard.app */,
				04B36FB519EF0A3C00ADB773 /* SafeDrive-KeyboardTests.xctest */,
				04B36FC919EF0ABA00ADB773 /* SafeD.appex */,
			);
			name = Products;
			sourceTree = "<group>";
		};
		04B36FA219EF0A3C00ADB773 /* SafeDrive-Keyboard */ = {
			isa = PBXGroup;
			children = (
				04B36FA519EF0A3C00ADB773 /* AppDelegate.swift */,
				04B36FA719EF0A3C00ADB773 /* ViewController.swift */,
				04B36FA919EF0A3C00ADB773 /* Main.storyboard */,
				04B36FAC19EF0A3C00ADB773 /* Images.xcassets */,
				04B36FAE19EF0A3C00ADB773 /* LaunchScreen.xib */,
				043E709F19F9853A0052B55E /* SafeD-Bridging-Header.h */,
				04B36FA319EF0A3C00ADB773 /* Supporting Files */,
			);
			path = "SafeDrive-Keyboard";
			sourceTree = "<group>";
		};
		04B36FA319EF0A3C00ADB773 /* Supporting Files */ = {
			isa = PBXGroup;
			children = (
				04B36FA419EF0A3C00ADB773 /* Info.plist */,
			);
			name = "Supporting Files";
			sourceTree = "<group>";
		};
		04B36FB819EF0A3C00ADB773 /* SafeDrive-KeyboardTests */ = {
			isa = PBXGroup;
			children = (
				04B36FBB19EF0A3C00ADB773 /* SafeDrive_KeyboardTests.swift */,
				04B36FB919EF0A3C00ADB773 /* Supporting Files */,
			);
			path = "SafeDrive-KeyboardTests";
			sourceTree = "<group>";
		};
		04B36FB919EF0A3C00ADB773 /* Supporting Files */ = {
			isa = PBXGroup;
			children = (
				04B36FBA19EF0A3C00ADB773 /* Info.plist */,
			);
			name = "Supporting Files";
			sourceTree = "<group>";
		};
		04B36FCA19EF0ABA00ADB773 /* SafeD */ = {
			isa = PBXGroup;
			children = (
				04B36FCD19EF0ABA00ADB773 /* KeyboardViewController.swift */,
				0482E2FE19F55E72003B5378 /* DictationManager.swift */,
				04B36FCB19EF0ABA00ADB773 /* Supporting Files */,
				0482E2FA19F1ABF4003B5378 /* IMG.xcassets */,
			);
			path = SafeD;
			sourceTree = "<group>";
		};
		04B36FCB19EF0ABA00ADB773 /* Supporting Files */ = {
			isa = PBXGroup;
			children = (
				04B36FCC19EF0ABA00ADB773 /* Info.plist */,
			);
			name = "Supporting Files";
			sourceTree = "<group>";
		};
		04DE7A2319FE7C530087FB4E /* framework */ = {
			isa = PBXGroup;
			children = (
				04DE7A2619FE7CEA0087FB4E /* Wit.framework */,
				04DE7A1F19FE7C330087FB4E /* SystemConfiguration.framework */,
				04DE7A1D19FE7C2A0087FB4E /* MobileCoreServices.framework */,
				04DE7A1B19FE7C230087FB4E /* AVFoundation.framework */,
			);
			name = framework;
			sourceTree = "<group>";
		};
/* End PBXGroup section */

/* Begin PBXNativeTarget section */
		04B36F9F19EF0A3C00ADB773 /* SafeDrive-Keyboard */ = {
			isa = PBXNativeTarget;
			buildConfigurationList = 04B36FBF19EF0A3C00ADB773 /* Build configuration list for PBXNativeTarget "SafeDrive-Keyboard" */;
			buildPhases = (
				04B36F9C19EF0A3C00ADB773 /* Sources */,
				04B36F9D19EF0A3C00ADB773 /* Frameworks */,
				04B36F9E19EF0A3C00ADB773 /* Resources */,
				04B36FD719EF0ABA00ADB773 /* Embed App Extensions */,
			);
			buildRules = (
			);
			dependencies = (
				04B36FD019EF0ABA00ADB773 /* PBXTargetDependency */,
				04B36FD319EF0ABA00ADB773 /* PBXTargetDependency */,
			);
			name = "SafeDrive-Keyboard";
			productName = "SafeDrive-Keyboard";
			productReference = 04B36FA019EF0A3C00ADB773 /* SafeDrive-Keyboard.app */;
			productType = "com.apple.product-type.application";
		};
		04B36FB419EF0A3C00ADB773 /* SafeDrive-KeyboardTests */ = {
			isa = PBXNativeTarget;
			buildConfigurationList = 04B36FC219EF0A3C00ADB773 /* Build configuration list for PBXNativeTarget "SafeDrive-KeyboardTests" */;
			buildPhases = (
				04B36FB119EF0A3C00ADB773 /* Sources */,
				04B36FB219EF0A3C00ADB773 /* Frameworks */,
				04B36FB319EF0A3C00ADB773 /* Resources */,
			);
			buildRules = (
			);
			dependencies = (
				04B36FB719EF0A3C00ADB773 /* PBXTargetDependency */,
			);
			name = "SafeDrive-KeyboardTests";
			productName = "SafeDrive-KeyboardTests";
			productReference = 04B36FB519EF0A3C00ADB773 /* SafeDrive-KeyboardTests.xctest */;
			productType = "com.apple.product-type.bundle.unit-test";
		};
		04B36FC819EF0ABA00ADB773 /* SafeD */ = {
			isa = PBXNativeTarget;
			buildConfigurationList = 04B36FD419EF0ABA00ADB773 /* Build configuration list for PBXNativeTarget "SafeD" */;
			buildPhases = (
				04B36FC519EF0ABA00ADB773 /* Sources */,
				04B36FC619EF0ABA00ADB773 /* Frameworks */,
				04B36FC719EF0ABA00ADB773 /* Resources */,
			);
			buildRules = (
			);
			dependencies = (
			);
			name = SafeD;
			productName = SafeD;
			productReference = 04B36FC919EF0ABA00ADB773 /* SafeD.appex */;
			productType = "com.apple.product-type.app-extension";
		};
/* End PBXNativeTarget section */

/* Begin PBXProject section */
		04B36F9819EF0A3C00ADB773 /* Project object */ = {
			isa = PBXProject;
			attributes = {
				LastUpgradeCheck = 0600;
				ORGANIZATIONNAME = "Jackson Jessup";
				TargetAttributes = {
					04B36F9F19EF0A3C00ADB773 = {
						CreatedOnToolsVersion = 6.0.1;
					};
					04B36FB419EF0A3C00ADB773 = {
						CreatedOnToolsVersion = 6.0.1;
						TestTargetID = 04B36F9F19EF0A3C00ADB773;
					};
					04B36FC819EF0ABA00ADB773 = {
						CreatedOnToolsVersion = 6.0.1;
					};
				};
			};
			buildConfigurationList = 04B36F9B19EF0A3C00ADB773 /* Build configuration list for PBXProject "SafeDrive-Keyboard" */;
			compatibilityVersion = "Xcode 3.2";
			developmentRegion = English;
			hasScannedForEncodings = 0;
			knownRegions = (
				en,
				Base,
			);
			mainGroup = 04B36F9719EF0A3C00ADB773;
			productRefGroup = 04B36FA119EF0A3C00ADB773 /* Products */;
			projectDirPath = "";
			projectRoot = "";
			targets = (
				04B36F9F19EF0A3C00ADB773 /* SafeDrive-Keyboard */,
				04B36FB419EF0A3C00ADB773 /* SafeDrive-KeyboardTests */,
				04B36FC819EF0ABA00ADB773 /* SafeD */,
			);
		};
/* End PBXProject section */

/* Begin PBXResourcesBuildPhase section */
		04B36F9E19EF0A3C00ADB773 /* Resources */ = {
			isa = PBXResourcesBuildPhase;
			buildActionMask = 2147483647;
			files = (
				04B36FAB19EF0A3C00ADB773 /* Main.storyboard in Resources */,
				04B36FB019EF0A3C00ADB773 /* LaunchScreen.xib in Resources */,
				04B36FAD19EF0A3C00ADB773 /* Images.xcassets in Resources */,
			);
			runOnlyForDeploymentPostprocessing = 0;
		};
		04B36FB319EF0A3C00ADB773 /* Resources */ = {
			isa = PBXResourcesBuildPhase;
			buildActionMask = 2147483647;
			files = (
			);
			runOnlyForDeploymentPostprocessing = 0;
		};
		04B36FC719EF0ABA00ADB773 /* Resources */ = {
			isa = PBXResourcesBuildPhase;
			buildActionMask = 2147483647;
			files = (
				0482E2FB19F1ABF4003B5378 /* IMG.xcassets in Resources */,
			);
			runOnlyForDeploymentPostprocessing = 0;
		};
/* End PBXResourcesBuildPhase section */

/* Begin PBXSourcesBuildPhase section */
		04B36F9C19EF0A3C00ADB773 /* Sources */ = {
			isa = PBXSourcesBuildPhase;
			buildActionMask = 2147483647;
			files = (
				04B36FA819EF0A3C00ADB773 /* ViewController.swift in Sources */,
				04B36FA619EF0A3C00ADB773 /* AppDelegate.swift in Sources */,
			);
			runOnlyForDeploymentPostprocessing = 0;
		};
		04B36FB119EF0A3C00ADB773 /* Sources */ = {
			isa = PBXSourcesBuildPhase;
			buildActionMask = 2147483647;
			files = (
				04B36FBC19EF0A3C00ADB773 /* SafeDrive_KeyboardTests.swift in Sources */,
			);
			runOnlyForDeploymentPostprocessing = 0;
		};
		04B36FC519EF0ABA00ADB773 /* Sources */ = {
			isa = PBXSourcesBuildPhase;
			buildActionMask = 2147483647;
			files = (
				04B36FCE19EF0ABA00ADB773 /* KeyboardViewController.swift in Sources */,
				0482E2FF19F55E72003B5378 /* DictationManager.swift in Sources */,
			);
			runOnlyForDeploymentPostprocessing = 0;
		};
/* End PBXSourcesBuildPhase section */

/* Begin PBXTargetDependency section */
		04B36FB719EF0A3C00ADB773 /* PBXTargetDependency */ = {
			isa = PBXTargetDependency;
			target = 04B36F9F19EF0A3C00ADB773 /* SafeDrive-Keyboard */;
			targetProxy = 04B36FB619EF0A3C00ADB773 /* PBXContainerItemProxy */;
		};
		04B36FD019EF0ABA00ADB773 /* PBXTargetDependency */ = {
			isa = PBXTargetDependency;
			target = 04B36FC819EF0ABA00ADB773 /* SafeD */;
			targetProxy = 04B36FCF19EF0ABA00ADB773 /* PBXContainerItemProxy */;
		};
		04B36FD319EF0ABA00ADB773 /* PBXTargetDependency */ = {
			isa = PBXTargetDependency;
			target = 04B36FC819EF0ABA00ADB773 /* SafeD */;
			targetProxy = 04B36FD219EF0ABA00ADB773 /* PBXContainerItemProxy */;
		};
/* End PBXTargetDependency section */

/* Begin PBXVariantGroup section */
		04B36FA919EF0A3C00ADB773 /* Main.storyboard */ = {
			isa = PBXVariantGroup;
			children = (
				04B36FAA19EF0A3C00ADB773 /* Base */,
			);
			name = Main.storyboard;
			sourceTree = "<group>";
		};
		04B36FAE19EF0A3C00ADB773 /* LaunchScreen.xib */ = {
			isa = PBXVariantGroup;
			children = (
				04B36FAF19EF0A3C00ADB773 /* Base */,
			);
			name = LaunchScreen.xib;
			sourceTree = "<group>";
		};
/* End PBXVariantGroup section */

/* Begin XCBuildConfiguration section */
		04B36FBD19EF0A3C00ADB773 /* Debug */ = {
			isa = XCBuildConfiguration;
			buildSettings = {
				ALWAYS_SEARCH_USER_PATHS = NO;
				CLANG_CXX_LANGUAGE_STANDARD = "gnu++0x";
				CLANG_CXX_LIBRARY = "libc++";
				CLANG_ENABLE_MODULES = YES;
				CLANG_ENABLE_OBJC_ARC = YES;
				CLANG_WARN_BOOL_CONVERSION = YES;
				CLANG_WARN_CONSTANT_CONVERSION = YES;
				CLANG_WARN_DIRECT_OBJC_ISA_USAGE = YES_ERROR;
				CLANG_WARN_EMPTY_BODY = YES;
				CLANG_WARN_ENUM_CONVERSION = YES;
				CLANG_WARN_INT_CONVERSION = YES;
				CLANG_WARN_OBJC_ROOT_CLASS = YES_ERROR;
				CLANG_WARN_UNREACHABLE_CODE = YES;
				CLANG_WARN__DUPLICATE_METHOD_MATCH = YES;
				"CODE_SIGN_IDENTITY[sdk=iphoneos*]" = "iPhone Developer";
				COPY_PHASE_STRIP = NO;
				ENABLE_STRICT_OBJC_MSGSEND = YES;
				GCC_C_LANGUAGE_STANDARD = gnu99;
				GCC_DYNAMIC_NO_PIC = NO;
				GCC_OPTIMIZATION_LEVEL = 0;
				GCC_PREPROCESSOR_DEFINITIONS = (
					"DEBUG=1",
					"$(inherited)",
				);
				GCC_SYMBOLS_PRIVATE_EXTERN = NO;
				GCC_WARN_64_TO_32_BIT_CONVERSION = YES;
				GCC_WARN_ABOUT_RETURN_TYPE = YES_ERROR;
				GCC_WARN_UNDECLARED_SELECTOR = YES;
				GCC_WARN_UNINITIALIZED_AUTOS = YES_AGGRESSIVE;
				GCC_WARN_UNUSED_FUNCTION = YES;
				GCC_WARN_UNUSED_VARIABLE = YES;
				IPHONEOS_DEPLOYMENT_TARGET = 8.0;
				MTL_ENABLE_DEBUG_INFO = YES;
				ONLY_ACTIVE_ARCH = YES;
				SDKROOT = iphoneos;
				SWIFT_OPTIMIZATION_LEVEL = "-Onone";
				TARGETED_DEVICE_FAMILY = "1,2";
			};
			name = Debug;
		};
		04B36FBE19EF0A3C00ADB773 /* Release */ = {
			isa = XCBuildConfiguration;
			buildSettings = {
				ALWAYS_SEARCH_USER_PATHS = NO;
				CLANG_CXX_LANGUAGE_STANDARD = "gnu++0x";
				CLANG_CXX_LIBRARY = "libc++";
				CLANG_ENABLE_MODULES = YES;
				CLANG_ENABLE_OBJC_ARC = YES;
				CLANG_WARN_BOOL_CONVERSION = YES;
				CLANG_WARN_CONSTANT_CONVERSION = YES;
				CLANG_WARN_DIRECT_OBJC_ISA_USAGE = YES_ERROR;
				CLANG_WARN_EMPTY_BODY = YES;
				CLANG_WARN_ENUM_CONVERSION = YES;
				CLANG_WARN_INT_CONVERSION = YES;
				CLANG_WARN_OBJC_ROOT_CLASS = YES_ERROR;
				CLANG_WARN_UNREACHABLE_CODE = YES;
				CLANG_WARN__DUPLICATE_METHOD_MATCH = YES;
				"CODE_SIGN_IDENTITY[sdk=iphoneos*]" = "iPhone Developer";
				COPY_PHASE_STRIP = YES;
				ENABLE_NS_ASSERTIONS = NO;
				ENABLE_STRICT_OBJC_MSGSEND = YES;
				GCC_C_LANGUAGE_STANDARD = gnu99;
				GCC_WARN_64_TO_32_BIT_CONVERSION = YES;
				GCC_WARN_ABOUT_RETURN_TYPE = YES_ERROR;
				GCC_WARN_UNDECLARED_SELECTOR = YES;
				GCC_WARN_UNINITIALIZED_AUTOS = YES_AGGRESSIVE;
				GCC_WARN_UNUSED_FUNCTION = YES;
				GCC_WARN_UNUSED_VARIABLE = YES;
				IPHONEOS_DEPLOYMENT_TARGET = 8.0;
				MTL_ENABLE_DEBUG_INFO = NO;
				SDKROOT = iphoneos;
				TARGETED_DEVICE_FAMILY = "1,2";
				VALIDATE_PRODUCT = YES;
			};
			name = Release;
		};
		04B36FC019EF0A3C00ADB773 /* Debug */ = {
			isa = XCBuildConfiguration;
			buildSettings = {
				ASSETCATALOG_COMPILER_APPICON_NAME = AppIcon;
				INFOPLIST_FILE = "SafeDrive-Keyboard/Info.plist";
				LD_RUNPATH_SEARCH_PATHS = "$(inherited) @executable_path/Frameworks";
				PRODUCT_NAME = "$(TARGET_NAME)";
				SWIFT_OBJC_BRIDGING_HEADER = "";
			};
			name = Debug;
		};
		04B36FC119EF0A3C00ADB773 /* Release */ = {
			isa = XCBuildConfiguration;
			buildSettings = {
				ASSETCATALOG_COMPILER_APPICON_NAME = AppIcon;
				INFOPLIST_FILE = "SafeDrive-Keyboard/Info.plist";
				LD_RUNPATH_SEARCH_PATHS = "$(inherited) @executable_path/Frameworks";
				PRODUCT_NAME = "$(TARGET_NAME)";
				SWIFT_OBJC_BRIDGING_HEADER = "";
			};
			name = Release;
		};
		04B36FC319EF0A3C00ADB773 /* Debug */ = {
			isa = XCBuildConfiguration;
			buildSettings = {
				BUNDLE_LOADER = "$(TEST_HOST)";
				FRAMEWORK_SEARCH_PATHS = (
					"$(SDKROOT)/Developer/Library/Frameworks",
					"$(inherited)",
				);
				GCC_PREPROCESSOR_DEFINITIONS = (
					"DEBUG=1",
					"$(inherited)",
				);
				INFOPLIST_FILE = "SafeDrive-KeyboardTests/Info.plist";
				LD_RUNPATH_SEARCH_PATHS = "$(inherited) @executable_path/Frameworks @loader_path/Frameworks";
				PRODUCT_NAME = "$(TARGET_NAME)";
				TEST_HOST = "$(BUILT_PRODUCTS_DIR)/SafeDrive-Keyboard.app/SafeDrive-Keyboard";
			};
			name = Debug;
		};
		04B36FC419EF0A3C00ADB773 /* Release */ = {
			isa = XCBuildConfiguration;
			buildSettings = {
				BUNDLE_LOADER = "$(TEST_HOST)";
				FRAMEWORK_SEARCH_PATHS = (
					"$(SDKROOT)/Developer/Library/Frameworks",
					"$(inherited)",
				);
				INFOPLIST_FILE = "SafeDrive-KeyboardTests/Info.plist";
				LD_RUNPATH_SEARCH_PATHS = "$(inherited) @executable_path/Frameworks @loader_path/Frameworks";
				PRODUCT_NAME = "$(TARGET_NAME)";
				TEST_HOST = "$(BUILT_PRODUCTS_DIR)/SafeDrive-Keyboard.app/SafeDrive-Keyboard";
			};
			name = Release;
		};
		04B36FD519EF0ABA00ADB773 /* Debug */ = {
			isa = XCBuildConfiguration;
			buildSettings = {
				FRAMEWORK_SEARCH_PATHS = (
					"$(inherited)",
					/Users/jack/Downloads/2.0.0,
					"$(PROJECT_DIR)",
				);
				GCC_PREPROCESSOR_DEFINITIONS = (
					"DEBUG=1",
					"$(inherited)",
				);
				INFOPLIST_FILE = SafeD/Info.plist;
				LD_RUNPATH_SEARCH_PATHS = "$(inherited) @executable_path/Frameworks @executable_path/../../Frameworks";
				PRODUCT_NAME = "$(TARGET_NAME)";
				SKIP_INSTALL = YES;
				SWIFT_OBJC_BRIDGING_HEADER = "SafeDrive-Keyboard/SafeD-Bridging-Header.h";
			};
			name = Debug;
		};
		04B36FD619EF0ABA00ADB773 /* Release */ = {
			isa = XCBuildConfiguration;
			buildSettings = {
				FRAMEWORK_SEARCH_PATHS = (
					"$(inherited)",
					/Users/jack/Downloads/2.0.0,
					"$(PROJECT_DIR)",
				);
				INFOPLIST_FILE = SafeD/Info.plist;
				LD_RUNPATH_SEARCH_PATHS = "$(inherited) @executable_path/Frameworks @executable_path/../../Frameworks";
				PRODUCT_NAME = "$(TARGET_NAME)";
				SKIP_INSTALL = YES;
				SWIFT_OBJC_BRIDGING_HEADER = "SafeDrive-Keyboard/SafeD-Bridging-Header.h";
			};
			name = Release;
		};
/* End XCBuildConfiguration section */

/* Begin XCConfigurationList section */
		04B36F9B19EF0A3C00ADB773 /* Build configuration list for PBXProject "SafeDrive-Keyboard" */ = {
			isa = XCConfigurationList;
			buildConfigurations = (
				04B36FBD19EF0A3C00ADB773 /* Debug */,
				04B36FBE19EF0A3C00ADB773 /* Release */,
			);
			defaultConfigurationIsVisible = 0;
			defaultConfigurationName = Release;
		};
		04B36FBF19EF0A3C00ADB773 /* Build configuration list for PBXNativeTarget "SafeDrive-Keyboard" */ = {
			isa = XCConfigurationList;
			buildConfigurations = (
				04B36FC019EF0A3C00ADB773 /* Debug */,
				04B36FC119EF0A3C00ADB773 /* Release */,
			);
			defaultConfigurationIsVisible = 0;
			defaultConfigurationName = Release;
		};
		04B36FC219EF0A3C00ADB773 /* Build configuration list for PBXNativeTarget "SafeDrive-KeyboardTests" */ = {
			isa = XCConfigurationList;
			buildConfigurations = (
				04B36FC319EF0A3C00ADB773 /* Debug */,
				04B36FC419EF0A3C00ADB773 /* Release */,
			);
			defaultConfigurationIsVisible = 0;
			defaultConfigurationName = Release;
		};
		04B36FD419EF0ABA00ADB773 /* Build configuration list for PBXNativeTarget "SafeD" */ = {
			isa = XCConfigurationList;
			buildConfigurations = (
				04B36FD519EF0ABA00ADB773 /* Debug */,
				04B36FD619EF0ABA00ADB773 /* Release */,
			);
			defaultConfigurationIsVisible = 0;
			defaultConfigurationName = Release;
		};
/* End XCConfigurationList section */
	};
	rootObject = 04B36F9819EF0A3C00ADB773 /* Project object */;
}
